
Microsoft Visual Studio Solution File, Format Version 12.00
# Visual Studio Version 17
VisualStudioVersion = 17.7.34024.191
MinimumVisualStudioVersion = 10.0.40219.1
Project("{FAE04EC0-301F-11D3-BF4B-00C04F79EFBC}") = "Lab_0", "Lab_0\Lab_0.csproj", "{485D8DD2-24E9-4559-B00F-F4AF19035945}"
EndProject
Global
	GlobalSection(SolutionConfigurationPlatforms) = preSolution
		Debug|Any CPU = Debug|Any CPU
		Release|Any CPU = Release|Any CPU
	EndGlobalSection
	GlobalSection(ProjectConfigurationPlatforms) = postSolution
		{485D8DD2-24E9-4559-B00F-F4AF19035945}.Debug|Any CPU.ActiveCfg = Debug|Any CPU
		{485D8DD2-24E9-4559-B00F-F4AF19035945}.Debug|Any CPU.Build.0 = Debug|Any CPU
		{485D8DD2-24E9-4559-B00F-F4AF19035945}.Release|Any CPU.ActiveCfg = Release|Any CPU
		{485D8DD2-24E9-4559-B00F-F4AF19035945}.Release|Any CPU.Build.0 = Release|Any CPU
	EndGlobalSection
	GlobalSection(SolutionProperties) = preSolution
		HideSolutionNode = FALSE
	EndGlobalSection
	GlobalSection(ExtensibilityGlobals) = postSolution
		SolutionGuid = {B8B56E43-885F-4EB7-8903-64AB6621FA7B}
	EndGlobalSection
EndGlobal
